
Microsoft Visual Studio Solution File, Format Version 12.00
# Visual Studio Version 17
VisualStudioVersion = 17.8.34330.188
MinimumVisualStudioVersion = 10.0.40219.1
Project("{FAE04EC0-301F-11D3-BF4B-00C04F79EFBC}") = "SolrNetSample", "SolrNetSample\SolrNetSample.csproj", "{8A950416-37DC-4EC5-AE9F-1A81D8CA5006}"
EndProject
Global
	GlobalSection(SolutionConfigurationPlatforms) = preSolution
		Debug|Any CPU = Debug|Any CPU
		Release|Any CPU = Release|Any CPU
	EndGlobalSection
	GlobalSection(ProjectConfigurationPlatforms) = postSolution
		{8A950416-37DC-4EC5-AE9F-1A81D8CA5006}.Debug|Any CPU.ActiveCfg = Debug|Any CPU
		{8A950416-37DC-4EC5-AE9F-1A81D8CA5006}.Debug|Any CPU.Build.0 = Debug|Any CPU
		{8A950416-37DC-4EC5-AE9F-1A81D8CA5006}.Release|Any CPU.ActiveCfg = Release|Any CPU
		{8A950416-37DC-4EC5-AE9F-1A81D8CA5006}.Release|Any CPU.Build.0 = Release|Any CPU
	EndGlobalSection
	GlobalSection(SolutionProperties) = preSolution
		HideSolutionNode = FALSE
	EndGlobalSection
	GlobalSection(ExtensibilityGlobals) = postSolution
		SolutionGuid = {A8A0D449-222A-4627-BEF6-82E61A6DD1E0}
	EndGlobalSection
EndGlobal
